// !$*UTF8*$!
{
	archiveVersion = 1;
	classes = {
	};
	objectVersion = 55;
	objects = {

/* Begin PBXBuildFile section */
		EFEE92D6287B7C3200E0750B /* AppDelegate.swift in Sources */ = {isa = PBXBuildFile; fileRef = EFEE92D5287B7C3200E0750B /* AppDelegate.swift */; };
		EFEE92D8287B7C3200E0750B /* SceneDelegate.swift in Sources */ = {isa = PBXBuildFile; fileRef = EFEE92D7287B7C3200E0750B /* SceneDelegate.swift */; };
		EFEE92DA287B7C3200E0750B /* ViewController.swift in Sources */ = {isa = PBXBuildFile; fileRef = EFEE92D9287B7C3200E0750B /* ViewController.swift */; };
		EFEE92DD287B7C3200E0750B /* Main.storyboard in Resources */ = {isa = PBXBuildFile; fileRef = EFEE92DB287B7C3200E0750B /* Main.storyboard */; };
		EFEE92DF287B7C3500E0750B /* Assets.xcassets in Resources */ = {isa = PBXBuildFile; fileRef = EFEE92DE287B7C3500E0750B /* Assets.xcassets */; };
		EFEE92E2287B7C3500E0750B /* LaunchScreen.storyboard in Resources */ = {isa = PBXBuildFile; fileRef = EFEE92E0287B7C3500E0750B /* LaunchScreen.storyboard */; };
		EFEE92F0287B7E9D00E0750B /* calculator_framework.framework in Frameworks */ = {isa = PBXBuildFile; fileRef = EFEE92EF287B7E9600E0750B /* calculator_framework.framework */; };
		EFEE92F1287B7E9D00E0750B /* calculator_framework.framework in Embed Frameworks */ = {isa = PBXBuildFile; fileRef = EFEE92EF287B7E9600E0750B /* calculator_framework.framework */; settings = {ATTRIBUTES = (CodeSignOnCopy, RemoveHeadersOnCopy, ); }; };
/* End PBXBuildFile section */

/* Begin PBXContainerItemProxy section */
		EFEE92EE287B7E9600E0750B /* PBXContainerItemProxy */ = {
			isa = PBXContainerItemProxy;
			containerPortal = EFEE92EA287B7E9600E0750B /* calculator-framework.xcodeproj */;
			proxyType = 2;
			remoteGlobalIDString = EFEE92B9287B79D500E0750B;
			remoteInfo = "calculator-framework";
		};
/* End PBXContainerItemProxy section */

/* Begin PBXCopyFilesBuildPhase section */
		EFEE92F2287B7E9E00E0750B /* Embed Frameworks */ = {
			isa = PBXCopyFilesBuildPhase;
			buildActionMask = 2147483647;
			dstPath = "";
			dstSubfolderSpec = 10;
			files = (
				EFEE92F1287B7E9D00E0750B /* calculator_framework.framework in Embed Frameworks */,
			);
			name = "Embed Frameworks";
			runOnlyForDeploymentPostprocessing = 0;
		};
/* End PBXCopyFilesBuildPhase section */

/* Begin PBXFileReference section */
		EFEE92D2287B7C3200E0750B /* calculator-iOS.app */ = {isa = PBXFileReference; explicitFileType = wrapper.application; includeInIndex = 0; path = "calculator-iOS.app"; sourceTree = BUILT_PRODUCTS_DIR; };
		EFEE92D5287B7C3200E0750B /* AppDelegate.swift */ = {isa = PBXFileReference; lastKnownFileType = sourcecode.swift; path = AppDelegate.swift; sourceTree = "<group>"; };
		EFEE92D7287B7C3200E0750B /* SceneDelegate.swift */ = {isa = PBXFileReference; lastKnownFileType = sourcecode.swift; path = SceneDelegate.swift; sourceTree = "<group>"; };
		EFEE92D9287B7C3200E0750B /* ViewController.swift */ = {isa = PBXFileReference; lastKnownFileType = sourcecode.swift; path = ViewController.swift; sourceTree = "<group>"; };
		EFEE92DC287B7C3200E0750B /* Base */ = {isa = PBXFileReference; lastKnownFileType = file.storyboard; name = Base; path = Base.lproj/Main.storyboard; sourceTree = "<group>"; };
		EFEE92DE287B7C3500E0750B /* Assets.xcassets */ = {isa = PBXFileReference; lastKnownFileType = folder.assetcatalog; path = Assets.xcassets; sourceTree = "<group>"; };
		EFEE92E1287B7C3500E0750B /* Base */ = {isa = PBXFileReference; lastKnownFileType = file.storyboard; name = Base; path = Base.lproj/LaunchScreen.storyboard; sourceTree = "<group>"; };
		EFEE92E3287B7C3500E0750B /* Info.plist */ = {isa = PBXFileReference; lastKnownFileType = text.plist.xml; path = Info.plist; sourceTree = "<group>"; };
		EFEE92EA287B7E9600E0750B /* calculator-framework.xcodeproj */ = {isa = PBXFileReference; lastKnownFileType = "wrapper.pb-project"; name = "calculator-framework.xcodeproj"; path = "../calculator-framework/calculator-framework.xcodeproj"; sourceTree = "<group>"; };
/* End PBXFileReference section */

/* Begin PBXFrameworksBuildPhase section */
		EFEE92CF287B7C3200E0750B /* Frameworks */ = {
			isa = PBXFrameworksBuildPhase;
			buildActionMask = 2147483647;
			files = (
				EFEE92F0287B7E9D00E0750B /* calculator_framework.framework in Frameworks */,
			);
			runOnlyForDeploymentPostprocessing = 0;
		};
/* End PBXFrameworksBuildPhase section */

/* Begin PBXGroup section */
		EFEE92C9287B7C3200E0750B = {
			isa = PBXGroup;
			children = (
				EFEE92D4287B7C3200E0750B /* calculator-iOS */,
				EFEE92D3287B7C3200E0750B /* Products */,
				EFEE92E9287B7E9600E0750B /* Frameworks */,
			);
			sourceTree = "<group>";
		};
		EFEE92D3287B7C3200E0750B /* Products */ = {
			isa = PBXGroup;
			children = (
				EFEE92D2287B7C3200E0750B /* calculator-iOS.app */,
			);
			name = Products;
			sourceTree = "<group>";
		};
		EFEE92D4287B7C3200E0750B /* calculator-iOS */ = {
			isa = PBXGroup;
			children = (
				EFEE92D5287B7C3200E0750B /* AppDelegate.swift */,
				EFEE92D7287B7C3200E0750B /* SceneDelegate.swift */,
				EFEE92D9287B7C3200E0750B /* ViewController.swift */,
				EFEE92DB287B7C3200E0750B /* Main.storyboard */,
				EFEE92DE287B7C3500E0750B /* Assets.xcassets */,
				EFEE92E0287B7C3500E0750B /* LaunchScreen.storyboard */,
				EFEE92E3287B7C3500E0750B /* Info.plist */,
			);
			path = "calculator-iOS";
			sourceTree = "<group>";
		};
		EFEE92E9287B7E9600E0750B /* Frameworks */ = {
			isa = PBXGroup;
			children = (
				EFEE92EA287B7E9600E0750B /* calculator-framework.xcodeproj */,
			);
			name = Frameworks;
			sourceTree = "<group>";
		};
		EFEE92EB287B7E9600E0750B /* Products */ = {
			isa = PBXGroup;
			children = (
				EFEE92EF287B7E9600E0750B /* calculator_framework.framework */,
			);
			name = Products;
			sourceTree = "<group>";
		};
/* End PBXGroup section */

/* Begin PBXNativeTarget section */
		EFEE92D1287B7C3200E0750B /* calculator-iOS */ = {
			isa = PBXNativeTarget;
			buildConfigurationList = EFEE92E6287B7C3500E0750B /* Build configuration list for PBXNativeTarget "calculator-iOS" */;
			buildPhases = (
				EFEE92CE287B7C3200E0750B /* Sources */,
				EFEE92CF287B7C3200E0750B /* Frameworks */,
				EFEE92D0287B7C3200E0750B /* Resources */,
				EFEE92F2287B7E9E00E0750B /* Embed Frameworks */,
			);
			buildRules = (
			);
			dependencies = (
			);
			name = "calculator-iOS";
			productName = "calculator-iOS";
			productReference = EFEE92D2287B7C3200E0750B /* calculator-iOS.app */;
			productType = "com.apple.product-type.application";
		};
/* End PBXNativeTarget section */

/* Begin PBXProject section */
		EFEE92CA287B7C3200E0750B /* Project object */ = {
			isa = PBXProject;
			attributes = {
				BuildIndependentTargetsInParallel = 1;
				LastSwiftUpdateCheck = 1340;
				LastUpgradeCheck = 1340;
				TargetAttributes = {
					EFEE92D1287B7C3200E0750B = {
						CreatedOnToolsVersion = 13.4.1;
					};
				};
			};
			buildConfigurationList = EFEE92CD287B7C3200E0750B /* Build configuration list for PBXProject "calculator-iOS" */;
			compatibilityVersion = "Xcode 13.0";
			developmentRegion = en;
			hasScannedForEncodings = 0;
			knownRegions = (
				en,
				Base,
			);
			mainGroup = EFEE92C9287B7C3200E0750B;
			productRefGroup = EFEE92D3287B7C3200E0750B /* Products */;
			projectDirPath = "";
			projectReferences = (
				{
					ProductGroup = EFEE92EB287B7E9600E0750B /* Products */;
					ProjectRef = EFEE92EA287B7E9600E0750B /* calculator-framework.xcodeproj */;
				},
			);
			projectRoot = "";
			targets = (
				EFEE92D1287B7C3200E0750B /* calculator-iOS */,
			);
		};
/* End PBXProject section */

/* Begin PBXReferenceProxy section */
		EFEE92EF287B7E9600E0750B /* calculator_framework.framework */ = {
			isa = PBXReferenceProxy;
			fileType = wrapper.framework;
			path = calculator_framework.framework;
			remoteRef = EFEE92EE287B7E9600E0750B /* PBXContainerItemProxy */;
			sourceTree = BUILT_PRODUCTS_DIR;
		};
/* End PBXReferenceProxy section */

/* Begin PBXResourcesBuildPhase section */
		EFEE92D0287B7C3200E0750B /* Resources */ = {
			isa = PBXResourcesBuildPhase;
			buildActionMask = 2147483647;
			files = (
				EFEE92E2287B7C3500E0750B /* LaunchScreen.storyboard in Resources */,
				EFEE92DF287B7C3500E0750B /* Assets.xcassets in Resources */,
				EFEE92DD287B7C3200E0750B /* Main.storyboard in Resources */,
			);
			runOnlyForDeploymentPostprocessing = 0;
		};
/* End PBXResourcesBuildPhase section */

/* Begin PBXSourcesBuildPhase section */
		EFEE92CE287B7C3200E0750B /* Sources */ = {
			isa = PBXSourcesBuildPhase;
			buildActionMask = 2147483647;
			files = (
				EFEE92DA287B7C3200E0750B /* ViewController.swift in Sources */,
				EFEE92D6287B7C3200E0750B /* AppDelegate.swift in Sources */,
				EFEE92D8287B7C3200E0750B /* SceneDelegate.swift in Sources */,
			);
			runOnlyForDeploymentPostprocessing = 0;
		};
/* End PBXSourcesBuildPhase section */

/* Begin PBXVariantGroup section */
		EFEE92DB287B7C3200E0750B /* Main.storyboard */ = {
			isa = PBXVariantGroup;
			children = (
				EFEE92DC287B7C3200E0750B /* Base */,
			);
			name = Main.storyboard;
			sourceTree = "<group>";
		};
		EFEE92E0287B7C3500E0750B /* LaunchScreen.storyboard */ = {
			isa = PBXVariantGroup;
			children = (
				EFEE92E1287B7C3500E0750B /* Base */,
			);
			name = LaunchScreen.storyboard;
			sourceTree = "<group>";
		};
/* End PBXVariantGroup section */

/* Begin XCBuildConfiguration section */
		EFEE92E4287B7C3500E0750B /* Debug */ = {
			isa = XCBuildConfiguration;
			buildSettings = {
				ALWAYS_SEARCH_USER_PATHS = NO;
				CLANG_ANALYZER_NONNULL = YES;
				CLANG_ANALYZER_NUMBER_OBJECT_CONVERSION = YES_AGGRESSIVE;
				CLANG_CXX_LANGUAGE_STANDARD = "gnu++17";
				CLANG_ENABLE_MODULES = YES;
				CLANG_ENABLE_OBJC_ARC = YES;
				CLANG_ENABLE_OBJC_WEAK = YES;
				CLANG_WARN_BLOCK_CAPTURE_AUTORELEASING = YES;
				CLANG_WARN_BOOL_CONVERSION = YES;
				CLANG_WARN_COMMA = YES;
				CLANG_WARN_CONSTANT_CONVERSION = YES;
				CLANG_WARN_DEPRECATED_OBJC_IMPLEMENTATIONS = YES;
				CLANG_WARN_DIRECT_OBJC_ISA_USAGE = YES_ERROR;
				CLANG_WARN_DOCUMENTATION_COMMENTS = YES;
				CLANG_WARN_EMPTY_BODY = YES;
				CLANG_WARN_ENUM_CONVERSION = YES;
				CLANG_WARN_INFINITE_RECURSION = YES;
				CLANG_WARN_INT_CONVERSION = YES;
				CLANG_WARN_NON_LITERAL_NULL_CONVERSION = YES;
				CLANG_WARN_OBJC_IMPLICIT_RETAIN_SELF = YES;
				CLANG_WARN_OBJC_LITERAL_CONVERSION = YES;
				CLANG_WARN_OBJC_ROOT_CLASS = YES_ERROR;
				CLANG_WARN_QUOTED_INCLUDE_IN_FRAMEWORK_HEADER = YES;
				CLANG_WARN_RANGE_LOOP_ANALYSIS = YES;
				CLANG_WARN_STRICT_PROTOTYPES = YES;
				CLANG_WARN_SUSPICIOUS_MOVE = YES;
				CLANG_WARN_UNGUARDED_AVAILABILITY = YES_AGGRESSIVE;
				CLANG_WARN_UNREACHABLE_CODE = YES;
				CLANG_WARN__DUPLICATE_METHOD_MATCH = YES;
				COPY_PHASE_STRIP = NO;
				DEBUG_INFORMATION_FORMAT = dwarf;
				ENABLE_STRICT_OBJC_MSGSEND = YES;
				ENABLE_TESTABILITY = YES;
				GCC_C_LANGUAGE_STANDARD = gnu11;
				GCC_DYNAMIC_NO_PIC = NO;
				GCC_NO_COMMON_BLOCKS = YES;
				GCC_OPTIMIZATION_LEVEL = 0;
				GCC_PREPROCESSOR_DEFINITIONS = (
					"DEBUG=1",
					"$(inherited)",
				);
				GCC_WARN_64_TO_32_BIT_CONVERSION = YES;
				GCC_WARN_ABOUT_RETURN_TYPE = YES_ERROR;
				GCC_WARN_UNDECLARED_SELECTOR = YES;
				GCC_WARN_UNINITIALIZED_AUTOS = YES_AGGRESSIVE;
				GCC_WARN_UNUSED_FUNCTION = YES;
				GCC_WARN_UNUSED_VARIABLE = YES;
				IPHONEOS_DEPLOYMENT_TARGET = 15.5;
				MTL_ENABLE_DEBUG_INFO = INCLUDE_SOURCE;
				MTL_FAST_MATH = YES;
				ONLY_ACTIVE_ARCH = YES;
				SDKROOT = iphoneos;
				SWIFT_ACTIVE_COMPILATION_CONDITIONS = DEBUG;
				SWIFT_OPTIMIZATION_LEVEL = "-Onone";
			};
			name = Debug;
		};
		EFEE92E5287B7C3500E0750B /* Release */ = {
			isa = XCBuildConfiguration;
			buildSettings = {
				ALWAYS_SEARCH_USER_PATHS = NO;
				CLANG_ANALYZER_NONNULL = YES;
				CLANG_ANALYZER_NUMBER_OBJECT_CONVERSION = YES_AGGRESSIVE;
				CLANG_CXX_LANGUAGE_STANDARD = "gnu++17";
				CLANG_ENABLE_MODULES = YES;
				CLANG_ENABLE_OBJC_ARC = YES;
				CLANG_ENABLE_OBJC_WEAK = YES;
				CLANG_WARN_BLOCK_CAPTURE_AUTORELEASING = YES;
				CLANG_WARN_BOOL_CONVERSION = YES;
				CLANG_WARN_COMMA = YES;
				CLANG_WARN_CONSTANT_CONVERSION = YES;
				CLANG_WARN_DEPRECATED_OBJC_IMPLEMENTATIONS = YES;
				CLANG_WARN_DIRECT_OBJC_ISA_USAGE = YES_ERROR;
				CLANG_WARN_DOCUMENTATION_COMMENTS = YES;
				CLANG_WARN_EMPTY_BODY = YES;
				CLANG_WARN_ENUM_CONVERSION = YES;
				CLANG_WARN_INFINITE_RECURSION = YES;
				CLANG_WARN_INT_CONVERSION = YES;
				CLANG_WARN_NON_LITERAL_NULL_CONVERSION = YES;
				CLANG_WARN_OBJC_IMPLICIT_RETAIN_SELF = YES;
				CLANG_WARN_OBJC_LITERAL_CONVERSION = YES;
				CLANG_WARN_OBJC_ROOT_CLASS = YES_ERROR;
				CLANG_WARN_QUOTED_INCLUDE_IN_FRAMEWORK_HEADER = YES;
				CLANG_WARN_RANGE_LOOP_ANALYSIS = YES;
				CLANG_WARN_STRICT_PROTOTYPES = YES;
				CLANG_WARN_SUSPICIOUS_MOVE = YES;
				CLANG_WARN_UNGUARDED_AVAILABILITY = YES_AGGRESSIVE;
				CLANG_WARN_UNREACHABLE_CODE = YES;
				CLANG_WARN__DUPLICATE_METHOD_MATCH = YES;
				COPY_PHASE_STRIP = NO;
				DEBUG_INFORMATION_FORMAT = "dwarf-with-dsym";
				ENABLE_NS_ASSERTIONS = NO;
				ENABLE_STRICT_OBJC_MSGSEND = YES;
				GCC_C_LANGUAGE_STANDARD = gnu11;
				GCC_NO_COMMON_BLOCKS = YES;
				GCC_WARN_64_TO_32_BIT_CONVERSION = YES;
				GCC_WARN_ABOUT_RETURN_TYPE = YES_ERROR;
				GCC_WARN_UNDECLARED_SELECTOR = YES;
				GCC_WARN_UNINITIALIZED_AUTOS = YES_AGGRESSIVE;
				GCC_WARN_UNUSED_FUNCTION = YES;
				GCC_WARN_UNUSED_VARIABLE = YES;
				IPHONEOS_DEPLOYMENT_TARGET = 15.5;
				MTL_ENABLE_DEBUG_INFO = NO;
				MTL_FAST_MATH = YES;
				SDKROOT = iphoneos;
				SWIFT_COMPILATION_MODE = wholemodule;
				SWIFT_OPTIMIZATION_LEVEL = "-O";
				VALIDATE_PRODUCT = YES;
			};
			name = Release;
		};
		EFEE92E7287B7C3500E0750B /* Debug */ = {
			isa = XCBuildConfiguration;
			buildSettings = {
				ASSETCATALOG_COMPILER_APPICON_NAME = AppIcon;
				ASSETCATALOG_COMPILER_GLOBAL_ACCENT_COLOR_NAME = AccentColor;
				CODE_SIGN_STYLE = Automatic;
				CURRENT_PROJECT_VERSION = 1;
				DEVELOPMENT_TEAM = 7BR8JB9L29;
				GENERATE_INFOPLIST_FILE = YES;
				INFOPLIST_FILE = "calculator-iOS/Info.plist";
				INFOPLIST_KEY_UIApplicationSupportsIndirectInputEvents = YES;
				INFOPLIST_KEY_UILaunchStoryboardName = LaunchScreen;
				INFOPLIST_KEY_UIMainStoryboardFile = Main;
				INFOPLIST_KEY_UISupportedInterfaceOrientations_iPad = "UIInterfaceOrientationPortrait UIInterfaceOrientationPortraitUpsideDown UIInterfaceOrientationLandscapeLeft UIInterfaceOrientationLandscapeRight";
				INFOPLIST_KEY_UISupportedInterfaceOrientations_iPhone = "UIInterfaceOrientationPortrait UIInterfaceOrientationLandscapeLeft UIInterfaceOrientationLandscapeRight";
				LD_RUNPATH_SEARCH_PATHS = (
					"$(inherited)",
					"@executable_path/Frameworks",
				);
				MARKETING_VERSION = 1.0;
				PRODUCT_BUNDLE_IDENTIFIER = "com.renan.calculator-iOS";
				PRODUCT_NAME = "$(TARGET_NAME)";
				SWIFT_EMIT_LOC_STRINGS = YES;
				SWIFT_VERSION = 5.0;
				TARGETED_DEVICE_FAMILY = "1,2";
			};
			name = Debug;
		};
		EFEE92E8287B7C3500E0750B /* Release */ = {
			isa = XCBuildConfiguration;
			buildSettings = {
				ASSETCATALOG_COMPILER_APPICON_NAME = AppIcon;
				ASSETCATALOG_COMPILER_GLOBAL_ACCENT_COLOR_NAME = AccentColor;
				CODE_SIGN_STYLE = Automatic;
				CURRENT_PROJECT_VERSION = 1;
				DEVELOPMENT_TEAM = 7BR8JB9L29;
				GENERATE_INFOPLIST_FILE = YES;
				INFOPLIST_FILE = "calculator-iOS/Info.plist";
				INFOPLIST_KEY_UIApplicationSupportsIndirectInputEvents = YES;
				INFOPLIST_KEY_UILaunchStoryboardName = LaunchScreen;
				INFOPLIST_KEY_UIMainStoryboardFile = Main;
				INFOPLIST_KEY_UISupportedInterfaceOrientations_iPad = "UIInterfaceOrientationPortrait UIInterfaceOrientationPortraitUpsideDown UIInterfaceOrientationLandscapeLeft UIInterfaceOrientationLandscapeRight";
				INFOPLIST_KEY_UISupportedInterfaceOrientations_iPhone = "UIInterfaceOrientationPortrait UIInterfaceOrientationLandscapeLeft UIInterfaceOrientationLandscapeRight";
				LD_RUNPATH_SEARCH_PATHS = (
					"$(inherited)",
					"@executable_path/Frameworks",
				);
				MARKETING_VERSION = 1.0;
				PRODUCT_BUNDLE_IDENTIFIER = "com.renan.calculator-iOS";
				PRODUCT_NAME = "$(TARGET_NAME)";
				SWIFT_EMIT_LOC_STRINGS = YES;
				SWIFT_VERSION = 5.0;
				TARGETED_DEVICE_FAMILY = "1,2";
			};
			name = Release;
		};
/* End XCBuildConfiguration section */

/* Begin XCConfigurationList section */
		EFEE92CD287B7C3200E0750B /* Build configuration list for PBXProject "calculator-iOS" */ = {
			isa = XCConfigurationList;
			buildConfigurations = (
				EFEE92E4287B7C3500E0750B /* Debug */,
				EFEE92E5287B7C3500E0750B /* Release */,
			);
			defaultConfigurationIsVisible = 0;
			defaultConfigurationName = Release;
		};
		EFEE92E6287B7C3500E0750B /* Build configuration list for PBXNativeTarget "calculator-iOS" */ = {
			isa = XCConfigurationList;
			buildConfigurations = (
				EFEE92E7287B7C3500E0750B /* Debug */,
				EFEE92E8287B7C3500E0750B /* Release */,
			);
			defaultConfigurationIsVisible = 0;
			defaultConfigurationName = Release;
		};
/* End XCConfigurationList section */
	};
	rootObject = EFEE92CA287B7C3200E0750B /* Project object */;
}
